
Microsoft Visual Studio Solution File, Format Version 12.00
# Visual Studio Version 17
VisualStudioVersion = 17.4.33403.182
MinimumVisualStudioVersion = 10.0.40219.1
Project("{FAE04EC0-301F-11D3-BF4B-00C04F79EFBC}") = "tarea05", "tarea05.csproj", "{41729836-23A6-4B7A-8C08-BB1C77C5E412}"
EndProject
Global
	GlobalSection(SolutionConfigurationPlatforms) = preSolution
		Debug|Any CPU = Debug|Any CPU
		Release|Any CPU = Release|Any CPU
	EndGlobalSection
	GlobalSection(ProjectConfigurationPlatforms) = postSolution
		{41729836-23A6-4B7A-8C08-BB1C77C5E412}.Debug|Any CPU.ActiveCfg = Debug|Any CPU
		{41729836-23A6-4B7A-8C08-BB1C77C5E412}.Debug|Any CPU.Build.0 = Debug|Any CPU
		{41729836-23A6-4B7A-8C08-BB1C77C5E412}.Release|Any CPU.ActiveCfg = Release|Any CPU
		{41729836-23A6-4B7A-8C08-BB1C77C5E412}.Release|Any CPU.Build.0 = Release|Any CPU
	EndGlobalSection
	GlobalSection(SolutionProperties) = preSolution
		HideSolutionNode = FALSE
	EndGlobalSection
	GlobalSection(ExtensibilityGlobals) = postSolution
		SolutionGuid = {B696F0ED-EF5A-4F22-AFEC-A6F7F7E8DF4D}
	EndGlobalSection
EndGlobal
